
Microsoft Visual Studio Solution File, Format Version 12.00
# Visual Studio 15
VisualStudioVersion = 15.0.28010.2016
MinimumVisualStudioVersion = 10.0.40219.1
Project("{FAE04EC0-301F-11D3-BF4B-00C04F79EFBC}") = "WindowsFormsApp1", "WindowsFormsApp1\WindowsFormsApp1.csproj", "{7CC78F07-0DE8-48BA-AE72-882066E68456}"
EndProject
Global
	GlobalSection(SolutionConfigurationPlatforms) = preSolution
		Debug|Any CPU = Debug|Any CPU
		Release|Any CPU = Release|Any CPU
	EndGlobalSection
	GlobalSection(ProjectConfigurationPlatforms) = postSolution
		{7CC78F07-0DE8-48BA-AE72-882066E68456}.Debug|Any CPU.ActiveCfg = Debug|Any CPU
		{7CC78F07-0DE8-48BA-AE72-882066E68456}.Debug|Any CPU.Build.0 = Debug|Any CPU
		{7CC78F07-0DE8-48BA-AE72-882066E68456}.Release|Any CPU.ActiveCfg = Release|Any CPU
		{7CC78F07-0DE8-48BA-AE72-882066E68456}.Release|Any CPU.Build.0 = Release|Any CPU
	EndGlobalSection
	GlobalSection(SolutionProperties) = preSolution
		HideSolutionNode = FALSE
	EndGlobalSection
	GlobalSection(ExtensibilityGlobals) = postSolution
		SolutionGuid = {BED1F265-8C54-42FD-99F3-FB63EC036C24}
	EndGlobalSection
EndGlobal
